Microsoft Visual Studio Solution File, Format Version 12.00
# Visual Studio 2012
Project("{FAE04EC0-301F-11D3-BF4B-00C04F79EFBC}") = "FreeRehabHub", "FreeRehabHub.csproj", "{2577C6F5-A0AA-4D69-908A-DE84F47FA67A}"
EndProject
Project("{2150E333-8FDC-42A3-9474-1A3956D46DE8}") = "src", "src", "{7D984A88-899D-471F-AEAB-4C1426CDE1FB}"
EndProject
Project("{FAE04EC0-301F-11D3-BF4B-00C04F79EFBC}") = "FreeRehabHub.Core", "src\FreeRehabHub.Core\FreeRehabHub.Core.csproj", "{669583F4-6EF8-4FAE-AD76-62333EFDE977}"
EndProject
Project("{FAE04EC0-301F-11D3-BF4B-00C04F79EFBC}") = "FreeRehabHub.Domain", "src\FreeRehabHub.Domain\FreeRehabHub.Domain.csproj", "{709389F8-D905-4B00-AFF3-ED88012E4DFE}"
EndProject
Project("{FAE04EC0-301F-11D3-BF4B-00C04F79EFBC}") = "FreeRehabHub.Data", "src\FreeRehabHub.Data\FreeRehabHub.Data.csproj", "{FF4C62B7-C10C-4F7D-9994-AB91BA9B69F0}"
EndProject
Project("{FAE04EC0-301F-11D3-BF4B-00C04F79EFBC}") = "FreeRehabHub.Modules.Contracts", "src\FreeRehabHub.Modules.Contracts\FreeRehabHub.Modules.Contracts.csproj", "{058BB1DA-70D3-44FD-B4D7-A8C4063BF585}"
EndProject
Project("{FAE04EC0-301F-11D3-BF4B-00C04F79EFBC}") = "FreeRehabHub.Services", "src\FreeRehabHub.Services\FreeRehabHub.Services.csproj", "{2361EB06-8478-4C94-A748-849E3CC8DA4A}"
EndProject
Project("{2150E333-8FDC-42A3-9474-1A3956D46DE8}") = "tests", "tests", "{15A6E52E-E705-4048-9CA4-9E9F62087591}"
EndProject
Project("{FAE04EC0-301F-11D3-BF4B-00C04F79EFBC}") = "FreeRehabHub.Data.Tests", "tests\FreeRehabHub.Data.Tests\FreeRehabHub.Data.Tests.csproj", "{4F2DF329-07F1-4171-BA84-AC5B042E14BD}"
EndProject
Project("{FAE04EC0-301F-11D3-BF4B-00C04F79EFBC}") = "FreeRehabHub.Services.Tests", "tests\FreeRehabHub.Services.Tests\FreeRehabHub.Services.Tests.csproj", "{D372E7CD-9811-472E-9EDB-A9696C0209F6}"
EndProject
Project("{FAE04EC0-301F-11D3-BF4B-00C04F79EFBC}") = "FreeRehabHub.Modules.Contracts.Tests", "tests\FreeRehabHub.Modules.Contracts.Tests\FreeRehabHub.Modules.Contracts.Tests.csproj", "{D2ECA089-2C6F-4223-ACB0-610DE7558883}"
EndProject
Project("{2150E333-8FDC-42A3-9474-1A3956D46DE8}") = "modules", "modules", "{72AA7181-8D25-473B-BE67-6918B55AE10A}"
EndProject
Project("{FAE04EC0-301F-11D3-BF4B-00C04F79EFBC}") = "GeneralFunctionalCheckin", "modules\com.freerehabhub.general-functional-checkin\GeneralFunctionalCheckin.csproj", "{E61D6D3F-20A0-4680-B870-3CBFEE8BBF3C}"
EndProject
Project("{2150E333-8FDC-42A3-9474-1A3956D46DE8}") = "com.freerehabhub.general-functional-checkin", "com.freerehabhub.general-functional-checkin", "{E4697955-998B-4C6E-83F3-73254037E09B}"
EndProject
Project("{FAE04EC0-301F-11D3-BF4B-00C04F79EFBC}") = "GeneralFunctionalCheckin.Tests", "modules\com.freerehabhub.general-functional-checkin\Tests\GeneralFunctionalCheckin.Tests.csproj", "{E0681617-011C-4AEF-897E-B099FD9ADF61}"
EndProject
Project("{2150E333-8FDC-42A3-9474-1A3956D46DE8}") = "com.freerehabhub.target-tap", "com.freerehabhub.target-tap", "{941B1A8E-8E9F-4751-98A1-7F986B348408}"
EndProject
Project("{FAE04EC0-301F-11D3-BF4B-00C04F79EFBC}") = "TargetTap.Tests", "modules\com.freerehabhub.target-tap\Tests\TargetTap.Tests.csproj", "{1EB064A2-36DD-4DAF-91B0-9C6407EFDDAE}"
EndProject
Project("{2150E333-8FDC-42A3-9474-1A3956D46DE8}") = "com.freerehabhub.arm-raise", "com.freerehabhub.arm-raise", "{8F39014D-81DD-4C94-B209-A136852022FB}"
EndProject
Project("{FAE04EC0-301F-11D3-BF4B-00C04F79EFBC}") = "ArmRaise.Tests", "modules\com.freerehabhub.arm-raise\Tests\ArmRaise.Tests.csproj", "{865E8549-02C1-4E26-9473-FCB079762EF3}"
EndProject
Project("{2150E333-8FDC-42A3-9474-1A3956D46DE8}") = "com.freerehabhub.color-sort", "com.freerehabhub.color-sort", "{5AD884E7-A87F-43D5-8A99-6B3DEFEC6B98}"
EndProject
Project("{FAE04EC0-301F-11D3-BF4B-00C04F79EFBC}") = "ColorSort.Tests", "modules\com.freerehabhub.color-sort\Tests\ColorSort.Tests.csproj", "{F621671B-F170-4AF3-AEF4-26FC2BDBE904}"
EndProject
Global
	GlobalSection(SolutionConfigurationPlatforms) = preSolution
		Debug|Any CPU = Debug|Any CPU
		ExportDebug|Any CPU = ExportDebug|Any CPU
		ExportRelease|Any CPU = ExportRelease|Any CPU
	EndGlobalSection
	GlobalSection(ProjectConfigurationPlatforms) = postSolution
		{2577C6F5-A0AA-4D69-908A-DE84F47FA67A}.Debug|Any CPU.ActiveCfg = Debug|Any CPU
		{2577C6F5-A0AA-4D69-908A-DE84F47FA67A}.Debug|Any CPU.Build.0 = Debug|Any CPU
		{2577C6F5-A0AA-4D69-908A-DE84F47FA67A}.ExportDebug|Any CPU.ActiveCfg = ExportDebug|Any CPU
		{2577C6F5-A0AA-4D69-908A-DE84F47FA67A}.ExportDebug|Any CPU.Build.0 = ExportDebug|Any CPU
		{2577C6F5-A0AA-4D69-908A-DE84F47FA67A}.ExportRelease|Any CPU.ActiveCfg = ExportRelease|Any CPU
		{2577C6F5-A0AA-4D69-908A-DE84F47FA67A}.ExportRelease|Any CPU.Build.0 = ExportRelease|Any CPU
		{669583F4-6EF8-4FAE-AD76-62333EFDE977}.Debug|Any CPU.ActiveCfg = Debug|Any CPU
		{669583F4-6EF8-4FAE-AD76-62333EFDE977}.Debug|Any CPU.Build.0 = Debug|Any CPU
		{669583F4-6EF8-4FAE-AD76-62333EFDE977}.ExportDebug|Any CPU.ActiveCfg = Debug|Any CPU
		{669583F4-6EF8-4FAE-AD76-62333EFDE977}.ExportDebug|Any CPU.Build.0 = Debug|Any CPU
		{669583F4-6EF8-4FAE-AD76-62333EFDE977}.ExportRelease|Any CPU.ActiveCfg = Debug|Any CPU
		{669583F4-6EF8-4FAE-AD76-62333EFDE977}.ExportRelease|Any CPU.Build.0 = Debug|Any CPU
		{709389F8-D905-4B00-AFF3-ED88012E4DFE}.Debug|Any CPU.ActiveCfg = Debug|Any CPU
		{709389F8-D905-4B00-AFF3-ED88012E4DFE}.Debug|Any CPU.Build.0 = Debug|Any CPU
		{709389F8-D905-4B00-AFF3-ED88012E4DFE}.ExportDebug|Any CPU.ActiveCfg = Debug|Any CPU
		{709389F8-D905-4B00-AFF3-ED88012E4DFE}.ExportDebug|Any CPU.Build.0 = Debug|Any CPU
		{709389F8-D905-4B00-AFF3-ED88012E4DFE}.ExportRelease|Any CPU.ActiveCfg = Debug|Any CPU
		{709389F8-D905-4B00-AFF3-ED88012E4DFE}.ExportRelease|Any CPU.Build.0 = Debug|Any CPU
		{FF4C62B7-C10C-4F7D-9994-AB91BA9B69F0}.Debug|Any CPU.ActiveCfg = Debug|Any CPU
		{FF4C62B7-C10C-4F7D-9994-AB91BA9B69F0}.Debug|Any CPU.Build.0 = Debug|Any CPU
		{FF4C62B7-C10C-4F7D-9994-AB91BA9B69F0}.ExportDebug|Any CPU.ActiveCfg = Debug|Any CPU
		{FF4C62B7-C10C-4F7D-9994-AB91BA9B69F0}.ExportDebug|Any CPU.Build.0 = Debug|Any CPU
		{FF4C62B7-C10C-4F7D-9994-AB91BA9B69F0}.ExportRelease|Any CPU.ActiveCfg = Debug|Any CPU
		{FF4C62B7-C10C-4F7D-9994-AB91BA9B69F0}.ExportRelease|Any CPU.Build.0 = Debug|Any CPU
		{058BB1DA-70D3-44FD-B4D7-A8C4063BF585}.Debug|Any CPU.ActiveCfg = Debug|Any CPU
		{058BB1DA-70D3-44FD-B4D7-A8C4063BF585}.Debug|Any CPU.Build.0 = Debug|Any CPU
		{058BB1DA-70D3-44FD-B4D7-A8C4063BF585}.ExportDebug|Any CPU.ActiveCfg = Debug|Any CPU
		{058BB1DA-70D3-44FD-B4D7-A8C4063BF585}.ExportDebug|Any CPU.Build.0 = Debug|Any CPU
		{058BB1DA-70D3-44FD-B4D7-A8C4063BF585}.ExportRelease|Any CPU.ActiveCfg = Debug|Any CPU
		{058BB1DA-70D3-44FD-B4D7-A8C4063BF585}.ExportRelease|Any CPU.Build.0 = Debug|Any CPU
		{2361EB06-8478-4C94-A748-849E3CC8DA4A}.Debug|Any CPU.ActiveCfg = Debug|Any CPU
		{2361EB06-8478-4C94-A748-849E3CC8DA4A}.Debug|Any CPU.Build.0 = Debug|Any CPU
		{2361EB06-8478-4C94-A748-849E3CC8DA4A}.ExportDebug|Any CPU.ActiveCfg = Debug|Any CPU
		{2361EB06-8478-4C94-A748-849E3CC8DA4A}.ExportDebug|Any CPU.Build.0 = Debug|Any CPU
		{2361EB06-8478-4C94-A748-849E3CC8DA4A}.ExportRelease|Any CPU.ActiveCfg = Debug|Any CPU
		{2361EB06-8478-4C94-A748-849E3CC8DA4A}.ExportRelease|Any CPU.Build.0 = Debug|Any CPU
		{4F2DF329-07F1-4171-BA84-AC5B042E14BD}.Debug|Any CPU.ActiveCfg = Debug|Any CPU
		{4F2DF329-07F1-4171-BA84-AC5B042E14BD}.Debug|Any CPU.Build.0 = Debug|Any CPU
		{4F2DF329-07F1-4171-BA84-AC5B042E14BD}.ExportDebug|Any CPU.ActiveCfg = Debug|Any CPU
		{4F2DF329-07F1-4171-BA84-AC5B042E14BD}.ExportDebug|Any CPU.Build.0 = Debug|Any CPU
		{4F2DF329-07F1-4171-BA84-AC5B042E14BD}.ExportRelease|Any CPU.ActiveCfg = Debug|Any CPU
		{4F2DF329-07F1-4171-BA84-AC5B042E14BD}.ExportRelease|Any CPU.Build.0 = Debug|Any CPU
		{D372E7CD-9811-472E-9EDB-A9696C0209F6}.Debug|Any CPU.ActiveCfg = Debug|Any CPU
		{D372E7CD-9811-472E-9EDB-A9696C0209F6}.Debug|Any CPU.Build.0 = Debug|Any CPU
		{D372E7CD-9811-472E-9EDB-A9696C0209F6}.ExportDebug|Any CPU.ActiveCfg = Debug|Any CPU
		{D372E7CD-9811-472E-9EDB-A9696C0209F6}.ExportDebug|Any CPU.Build.0 = Debug|Any CPU
		{D372E7CD-9811-472E-9EDB-A9696C0209F6}.ExportRelease|Any CPU.ActiveCfg = Debug|Any CPU
		{D372E7CD-9811-472E-9EDB-A9696C0209F6}.ExportRelease|Any CPU.Build.0 = Debug|Any CPU
		{D2ECA089-2C6F-4223-ACB0-610DE7558883}.Debug|Any CPU.ActiveCfg = Debug|Any CPU
		{D2ECA089-2C6F-4223-ACB0-610DE7558883}.Debug|Any CPU.Build.0 = Debug|Any CPU
		{D2ECA089-2C6F-4223-ACB0-610DE7558883}.ExportDebug|Any CPU.ActiveCfg = Debug|Any CPU
		{D2ECA089-2C6F-4223-ACB0-610DE7558883}.ExportDebug|Any CPU.Build.0 = Debug|Any CPU
		{D2ECA089-2C6F-4223-ACB0-610DE7558883}.ExportRelease|Any CPU.ActiveCfg = Debug|Any CPU
		{D2ECA089-2C6F-4223-ACB0-610DE7558883}.ExportRelease|Any CPU.Build.0 = Debug|Any CPU
		{E61D6D3F-20A0-4680-B870-3CBFEE8BBF3C}.Debug|Any CPU.ActiveCfg = Debug|Any CPU
		{E61D6D3F-20A0-4680-B870-3CBFEE8BBF3C}.Debug|Any CPU.Build.0 = Debug|Any CPU
		{E61D6D3F-20A0-4680-B870-3CBFEE8BBF3C}.ExportDebug|Any CPU.ActiveCfg = Debug|Any CPU
		{E61D6D3F-20A0-4680-B870-3CBFEE8BBF3C}.ExportDebug|Any CPU.Build.0 = Debug|Any CPU
		{E61D6D3F-20A0-4680-B870-3CBFEE8BBF3C}.ExportRelease|Any CPU.ActiveCfg = Debug|Any CPU
		{E61D6D3F-20A0-4680-B870-3CBFEE8BBF3C}.ExportRelease|Any CPU.Build.0 = Debug|Any CPU
		{E0681617-011C-4AEF-897E-B099FD9ADF61}.Debug|Any CPU.ActiveCfg = Debug|Any CPU
		{E0681617-011C-4AEF-897E-B099FD9ADF61}.Debug|Any CPU.Build.0 = Debug|Any CPU
		{E0681617-011C-4AEF-897E-B099FD9ADF61}.ExportDebug|Any CPU.ActiveCfg = Debug|Any CPU
		{E0681617-011C-4AEF-897E-B099FD9ADF61}.ExportDebug|Any CPU.Build.0 = Debug|Any CPU
		{E0681617-011C-4AEF-897E-B099FD9ADF61}.ExportRelease|Any CPU.ActiveCfg = Debug|Any CPU
		{E0681617-011C-4AEF-897E-B099FD9ADF61}.ExportRelease|Any CPU.Build.0 = Debug|Any CPU
		{1EB064A2-36DD-4DAF-91B0-9C6407EFDDAE}.Debug|Any CPU.ActiveCfg = Debug|Any CPU
		{1EB064A2-36DD-4DAF-91B0-9C6407EFDDAE}.Debug|Any CPU.Build.0 = Debug|Any CPU
		{1EB064A2-36DD-4DAF-91B0-9C6407EFDDAE}.ExportDebug|Any CPU.ActiveCfg = Debug|Any CPU
		{1EB064A2-36DD-4DAF-91B0-9C6407EFDDAE}.ExportDebug|Any CPU.Build.0 = Debug|Any CPU
		{1EB064A2-36DD-4DAF-91B0-9C6407EFDDAE}.ExportRelease|Any CPU.ActiveCfg = Debug|Any CPU
		{1EB064A2-36DD-4DAF-91B0-9C6407EFDDAE}.ExportRelease|Any CPU.Build.0 = Debug|Any CPU
		{865E8549-02C1-4E26-9473-FCB079762EF3}.Debug|Any CPU.ActiveCfg = Debug|Any CPU
		{865E8549-02C1-4E26-9473-FCB079762EF3}.Debug|Any CPU.Build.0 = Debug|Any CPU
		{865E8549-02C1-4E26-9473-FCB079762EF3}.ExportDebug|Any CPU.ActiveCfg = Debug|Any CPU
		{865E8549-02C1-4E26-9473-FCB079762EF3}.ExportDebug|Any CPU.Build.0 = Debug|Any CPU
		{865E8549-02C1-4E26-9473-FCB079762EF3}.ExportRelease|Any CPU.ActiveCfg = Debug|Any CPU
		{865E8549-02C1-4E26-9473-FCB079762EF3}.ExportRelease|Any CPU.Build.0 = Debug|Any CPU
		{F621671B-F170-4AF3-AEF4-26FC2BDBE904}.Debug|Any CPU.ActiveCfg = Debug|Any CPU
		{F621671B-F170-4AF3-AEF4-26FC2BDBE904}.Debug|Any CPU.Build.0 = Debug|Any CPU
		{F621671B-F170-4AF3-AEF4-26FC2BDBE904}.ExportDebug|Any CPU.ActiveCfg = Debug|Any CPU
		{F621671B-F170-4AF3-AEF4-26FC2BDBE904}.ExportDebug|Any CPU.Build.0 = Debug|Any CPU
		{F621671B-F170-4AF3-AEF4-26FC2BDBE904}.ExportRelease|Any CPU.ActiveCfg = Debug|Any CPU
		{F621671B-F170-4AF3-AEF4-26FC2BDBE904}.ExportRelease|Any CPU.Build.0 = Debug|Any CPU
	EndGlobalSection
	GlobalSection(NestedProjects) = preSolution
		{669583F4-6EF8-4FAE-AD76-62333EFDE977} = {7D984A88-899D-471F-AEAB-4C1426CDE1FB}
		{709389F8-D905-4B00-AFF3-ED88012E4DFE} = {7D984A88-899D-471F-AEAB-4C1426CDE1FB}
		{FF4C62B7-C10C-4F7D-9994-AB91BA9B69F0} = {7D984A88-899D-471F-AEAB-4C1426CDE1FB}
		{058BB1DA-70D3-44FD-B4D7-A8C4063BF585} = {7D984A88-899D-471F-AEAB-4C1426CDE1FB}
		{2361EB06-8478-4C94-A748-849E3CC8DA4A} = {7D984A88-899D-471F-AEAB-4C1426CDE1FB}
		{4F2DF329-07F1-4171-BA84-AC5B042E14BD} = {15A6E52E-E705-4048-9CA4-9E9F62087591}
		{D372E7CD-9811-472E-9EDB-A9696C0209F6} = {15A6E52E-E705-4048-9CA4-9E9F62087591}
		{D2ECA089-2C6F-4223-ACB0-610DE7558883} = {15A6E52E-E705-4048-9CA4-9E9F62087591}
		{E61D6D3F-20A0-4680-B870-3CBFEE8BBF3C} = {72AA7181-8D25-473B-BE67-6918B55AE10A}
		{E4697955-998B-4C6E-83F3-73254037E09B} = {72AA7181-8D25-473B-BE67-6918B55AE10A}
		{E0681617-011C-4AEF-897E-B099FD9ADF61} = {E4697955-998B-4C6E-83F3-73254037E09B}
		{941B1A8E-8E9F-4751-98A1-7F986B348408} = {72AA7181-8D25-473B-BE67-6918B55AE10A}
		{1EB064A2-36DD-4DAF-91B0-9C6407EFDDAE} = {941B1A8E-8E9F-4751-98A1-7F986B348408}
		{8F39014D-81DD-4C94-B209-A136852022FB} = {72AA7181-8D25-473B-BE67-6918B55AE10A}
		{865E8549-02C1-4E26-9473-FCB079762EF3} = {8F39014D-81DD-4C94-B209-A136852022FB}
		{5AD884E7-A87F-43D5-8A99-6B3DEFEC6B98} = {72AA7181-8D25-473B-BE67-6918B55AE10A}
		{F621671B-F170-4AF3-AEF4-26FC2BDBE904} = {5AD884E7-A87F-43D5-8A99-6B3DEFEC6B98}
	EndGlobalSection
EndGlobal
